
Microsoft Visual Studio Solution File, Format Version 12.00
# Visual Studio Version 17
VisualStudioVersion = 17.2.32630.192
MinimumVisualStudioVersion = 10.0.40219.1
Project("{FAE04EC0-301F-11D3-BF4B-00C04F79EFBC}") = "DesignPatterns16.03.23", "DesignPatterns16.03.23\DesignPatterns16.03.23.csproj", "{9A823E0E-8D10-440F-9A47-9F68A1603420}"
EndProject
Global
	GlobalSection(SolutionConfigurationPlatforms) = preSolution
		Debug|Any CPU = Debug|Any CPU
		Release|Any CPU = Release|Any CPU
	EndGlobalSection
	GlobalSection(ProjectConfigurationPlatforms) = postSolution
		{9A823E0E-8D10-440F-9A47-9F68A1603420}.Debug|Any CPU.ActiveCfg = Debug|Any CPU
		{9A823E0E-8D10-440F-9A47-9F68A1603420}.Debug|Any CPU.Build.0 = Debug|Any CPU
		{9A823E0E-8D10-440F-9A47-9F68A1603420}.Release|Any CPU.ActiveCfg = Release|Any CPU
		{9A823E0E-8D10-440F-9A47-9F68A1603420}.Release|Any CPU.Build.0 = Release|Any CPU
	EndGlobalSection
	GlobalSection(SolutionProperties) = preSolution
		HideSolutionNode = FALSE
	EndGlobalSection
	GlobalSection(ExtensibilityGlobals) = postSolution
		SolutionGuid = {DAA047D5-4FA1-47AA-996A-122A04845A03}
	EndGlobalSection
EndGlobal
